
Microsoft Visual Studio Solution File, Format Version 12.00
# Visual Studio 14
VisualStudioVersion = 14.0.25123.0
MinimumVisualStudioVersion = 10.0.40219.1
Project("{2150E333-8FDC-42A3-9474-1A3956D46DE8}") = "src", "src", "{27F74F43-83A8-400E-A2F0-0801A452666E}"
EndProject
Project("{2150E333-8FDC-42A3-9474-1A3956D46DE8}") = "Solution Items", "Solution Items", "{413BC0FE-B725-4720-B359-1B422FAC529B}"
	ProjectSection(SolutionItems) = preProject
		global.json = global.json
	EndProjectSection
EndProject
Project("{8BB2217D-0F2D-49D1-97BC-3654ED321F3B}") = "uBlog", "src\uBlog\uBlog.xproj", "{85625AF0-E91B-40D2-8500-7AC232B568A2}"
EndProject
Project("{FAE04EC0-301F-11D3-BF4B-00C04F79EFBC}") = "uBlog.Repository", "src\uBlog.Repository\uBlog.Repository.csproj", "{05A9E0FB-DEF8-4A10-A9E5-F0F2D069D076}"
EndProject
Project("{FAE04EC0-301F-11D3-BF4B-00C04F79EFBC}") = "uBlog.Services", "src\uBlog.Services\uBlog.Services.csproj", "{E684C5F0-D1B3-4D8A-95B5-23398273272B}"
EndProject
Project("{FAE04EC0-301F-11D3-BF4B-00C04F79EFBC}") = "uBlog.IServices", "src\uBlog.IServices\uBlog.IServices.csproj", "{31F149F8-8637-4CD9-8C54-5D426B0DBCE6}"
EndProject
Project("{FAE04EC0-301F-11D3-BF4B-00C04F79EFBC}") = "uBlog.Data", "src\uBlog.Data\uBlog.Data.csproj", "{21FCA354-0D9A-4A63-AE9C-7E34EEA67882}"
EndProject
Project("{FAE04EC0-301F-11D3-BF4B-00C04F79EFBC}") = "uBlog.Tests", "src\uBlog.Tests\uBlog.Tests.csproj", "{5801E72E-1424-49B0-B377-DB280EB2C26A}"
EndProject
Project("{FAE04EC0-301F-11D3-BF4B-00C04F79EFBC}") = "OAuthClientDemo", "src\OAuthClientDemo\OAuthClientDemo.csproj", "{8B7B50BC-AFB6-4D7A-84BE-97EF6ED94B7D}"
EndProject
Project("{FAE04EC0-301F-11D3-BF4B-00C04F79EFBC}") = "uBlog.OAuth", "src\uBlog.OAuth\uBlog.OAuth.csproj", "{9A755773-4B59-458D-8F50-139DAB691F76}"
EndProject
Project("{FAE04EC0-301F-11D3-BF4B-00C04F79EFBC}") = "AuthServer", "src\AuthServer\AuthServer.csproj", "{CD4F054E-F175-4891-8BA2-4F7AA8999DCE}"
EndProject
Project("{8BB2217D-0F2D-49D1-97BC-3654ED321F3B}") = "uBlog.mvc", "src\uBlog.mvc\uBlog.mvc.xproj", "{1A5E0C19-F829-4112-AFE4-2F5823CED350}"
EndProject
Global
	GlobalSection(SolutionConfigurationPlatforms) = preSolution
		Debug|Any CPU = Debug|Any CPU
		Release|Any CPU = Release|Any CPU
	EndGlobalSection
	GlobalSection(ProjectConfigurationPlatforms) = postSolution
		{85625AF0-E91B-40D2-8500-7AC232B568A2}.Debug|Any CPU.ActiveCfg = Debug|Any CPU
		{85625AF0-E91B-40D2-8500-7AC232B568A2}.Debug|Any CPU.Build.0 = Debug|Any CPU
		{85625AF0-E91B-40D2-8500-7AC232B568A2}.Release|Any CPU.ActiveCfg = Release|Any CPU
		{85625AF0-E91B-40D2-8500-7AC232B568A2}.Release|Any CPU.Build.0 = Release|Any CPU
		{05A9E0FB-DEF8-4A10-A9E5-F0F2D069D076}.Debug|Any CPU.ActiveCfg = Debug|Any CPU
		{05A9E0FB-DEF8-4A10-A9E5-F0F2D069D076}.Debug|Any CPU.Build.0 = Debug|Any CPU
		{05A9E0FB-DEF8-4A10-A9E5-F0F2D069D076}.Release|Any CPU.ActiveCfg = Release|Any CPU
		{05A9E0FB-DEF8-4A10-A9E5-F0F2D069D076}.Release|Any CPU.Build.0 = Release|Any CPU
		{E684C5F0-D1B3-4D8A-95B5-23398273272B}.Debug|Any CPU.ActiveCfg = Debug|Any CPU
		{E684C5F0-D1B3-4D8A-95B5-23398273272B}.Debug|Any CPU.Build.0 = Debug|Any CPU
		{E684C5F0-D1B3-4D8A-95B5-23398273272B}.Release|Any CPU.ActiveCfg = Release|Any CPU
		{E684C5F0-D1B3-4D8A-95B5-23398273272B}.Release|Any CPU.Build.0 = Release|Any CPU
		{31F149F8-8637-4CD9-8C54-5D426B0DBCE6}.Debug|Any CPU.ActiveCfg = Debug|Any CPU
		{31F149F8-8637-4CD9-8C54-5D426B0DBCE6}.Debug|Any CPU.Build.0 = Debug|Any CPU
		{31F149F8-8637-4CD9-8C54-5D426B0DBCE6}.Release|Any CPU.ActiveCfg = Release|Any CPU
		{31F149F8-8637-4CD9-8C54-5D426B0DBCE6}.Release|Any CPU.Build.0 = Release|Any CPU
		{21FCA354-0D9A-4A63-AE9C-7E34EEA67882}.Debug|Any CPU.ActiveCfg = Debug|Any CPU
		{21FCA354-0D9A-4A63-AE9C-7E34EEA67882}.Debug|Any CPU.Build.0 = Debug|Any CPU
		{21FCA354-0D9A-4A63-AE9C-7E34EEA67882}.Release|Any CPU.ActiveCfg = Release|Any CPU
		{21FCA354-0D9A-4A63-AE9C-7E34EEA67882}.Release|Any CPU.Build.0 = Release|Any CPU
		{5801E72E-1424-49B0-B377-DB280EB2C26A}.Debug|Any CPU.ActiveCfg = Debug|Any CPU
		{5801E72E-1424-49B0-B377-DB280EB2C26A}.Debug|Any CPU.Build.0 = Debug|Any CPU
		{5801E72E-1424-49B0-B377-DB280EB2C26A}.Release|Any CPU.ActiveCfg = Release|Any CPU
		{5801E72E-1424-49B0-B377-DB280EB2C26A}.Release|Any CPU.Build.0 = Release|Any CPU
		{8B7B50BC-AFB6-4D7A-84BE-97EF6ED94B7D}.Debug|Any CPU.ActiveCfg = Debug|Any CPU
		{8B7B50BC-AFB6-4D7A-84BE-97EF6ED94B7D}.Debug|Any CPU.Build.0 = Debug|Any CPU
		{8B7B50BC-AFB6-4D7A-84BE-97EF6ED94B7D}.Release|Any CPU.ActiveCfg = Release|Any CPU
		{8B7B50BC-AFB6-4D7A-84BE-97EF6ED94B7D}.Release|Any CPU.Build.0 = Release|Any CPU
		{9A755773-4B59-458D-8F50-139DAB691F76}.Debug|Any CPU.ActiveCfg = Debug|Any CPU
		{9A755773-4B59-458D-8F50-139DAB691F76}.Debug|Any CPU.Build.0 = Debug|Any CPU
		{9A755773-4B59-458D-8F50-139DAB691F76}.Release|Any CPU.ActiveCfg = Release|Any CPU
		{9A755773-4B59-458D-8F50-139DAB691F76}.Release|Any CPU.Build.0 = Release|Any CPU
		{CD4F054E-F175-4891-8BA2-4F7AA8999DCE}.Debug|Any CPU.ActiveCfg = Debug|Any CPU
		{CD4F054E-F175-4891-8BA2-4F7AA8999DCE}.Debug|Any CPU.Build.0 = Debug|Any CPU
		{CD4F054E-F175-4891-8BA2-4F7AA8999DCE}.Release|Any CPU.ActiveCfg = Release|Any CPU
		{CD4F054E-F175-4891-8BA2-4F7AA8999DCE}.Release|Any CPU.Build.0 = Release|Any CPU
		{1A5E0C19-F829-4112-AFE4-2F5823CED350}.Debug|Any CPU.ActiveCfg = Debug|Any CPU
		{1A5E0C19-F829-4112-AFE4-2F5823CED350}.Debug|Any CPU.Build.0 = Debug|Any CPU
		{1A5E0C19-F829-4112-AFE4-2F5823CED350}.Release|Any CPU.ActiveCfg = Release|Any CPU
		{1A5E0C19-F829-4112-AFE4-2F5823CED350}.Release|Any CPU.Build.0 = Release|Any CPU
	EndGlobalSection
	GlobalSection(SolutionProperties) = preSolution
		HideSolutionNode = FALSE
	EndGlobalSection
	GlobalSection(NestedProjects) = preSolution
		{85625AF0-E91B-40D2-8500-7AC232B568A2} = {27F74F43-83A8-400E-A2F0-0801A452666E}
		{05A9E0FB-DEF8-4A10-A9E5-F0F2D069D076} = {27F74F43-83A8-400E-A2F0-0801A452666E}
		{E684C5F0-D1B3-4D8A-95B5-23398273272B} = {27F74F43-83A8-400E-A2F0-0801A452666E}
		{31F149F8-8637-4CD9-8C54-5D426B0DBCE6} = {27F74F43-83A8-400E-A2F0-0801A452666E}
		{21FCA354-0D9A-4A63-AE9C-7E34EEA67882} = {27F74F43-83A8-400E-A2F0-0801A452666E}
		{5801E72E-1424-49B0-B377-DB280EB2C26A} = {27F74F43-83A8-400E-A2F0-0801A452666E}
		{8B7B50BC-AFB6-4D7A-84BE-97EF6ED94B7D} = {27F74F43-83A8-400E-A2F0-0801A452666E}
		{9A755773-4B59-458D-8F50-139DAB691F76} = {27F74F43-83A8-400E-A2F0-0801A452666E}
		{CD4F054E-F175-4891-8BA2-4F7AA8999DCE} = {27F74F43-83A8-400E-A2F0-0801A452666E}
		{1A5E0C19-F829-4112-AFE4-2F5823CED350} = {27F74F43-83A8-400E-A2F0-0801A452666E}
	EndGlobalSection
EndGlobal
